
Microsoft Visual Studio Solution File, Format Version 12.00
# Visual Studio Version 17
VisualStudioVersion = 17.13.35825.156 d17.13
MinimumVisualStudioVersion = 10.0.40219.1
Project("{FAE04EC0-301F-11D3-BF4B-00C04F79EFBC}") = "norow", "norow.csproj", "{2E53A8DD-2E12-4680-875C-281F1A3C7AE4}"
EndProject
Global
	GlobalSection(SolutionConfigurationPlatforms) = preSolution
		Debug|Any CPU = Debug|Any CPU
		Release|Any CPU = Release|Any CPU
	EndGlobalSection
	GlobalSection(ProjectConfigurationPlatforms) = postSolution
		{2E53A8DD-2E12-4680-875C-281F1A3C7AE4}.Debug|Any CPU.ActiveCfg = Debug|Any CPU
		{2E53A8DD-2E12-4680-875C-281F1A3C7AE4}.Debug|Any CPU.Build.0 = Debug|Any CPU
		{2E53A8DD-2E12-4680-875C-281F1A3C7AE4}.Release|Any CPU.ActiveCfg = Release|Any CPU
		{2E53A8DD-2E12-4680-875C-281F1A3C7AE4}.Release|Any CPU.Build.0 = Release|Any CPU
	EndGlobalSection
	GlobalSection(SolutionProperties) = preSolution
		HideSolutionNode = FALSE
	EndGlobalSection
	GlobalSection(ExtensibilityGlobals) = postSolution
		SolutionGuid = {1C099C49-4892-4ECF-B8D5-36930A63FEFA}
	EndGlobalSection
EndGlobal
