
Microsoft Visual Studio Solution File, Format Version 12.00
# Visual Studio Version 17
VisualStudioVersion = 17.13.35825.156 d17.13
MinimumVisualStudioVersion = 10.0.40219.1
Project("{FAE04EC0-301F-11D3-BF4B-00C04F79EFBC}") = "AIFeelingDetector", "AIFeelingDetector.csproj", "{BF310075-BD46-43CB-94B2-3DD82F823BDC}"
EndProject
Global
	GlobalSection(SolutionConfigurationPlatforms) = preSolution
		Debug|Any CPU = Debug|Any CPU
		Release|Any CPU = Release|Any CPU
	EndGlobalSection
	GlobalSection(ProjectConfigurationPlatforms) = postSolution
		{BF310075-BD46-43CB-94B2-3DD82F823BDC}.Debug|Any CPU.ActiveCfg = Debug|Any CPU
		{BF310075-BD46-43CB-94B2-3DD82F823BDC}.Debug|Any CPU.Build.0 = Debug|Any CPU
		{BF310075-BD46-43CB-94B2-3DD82F823BDC}.Release|Any CPU.ActiveCfg = Release|Any CPU
		{BF310075-BD46-43CB-94B2-3DD82F823BDC}.Release|Any CPU.Build.0 = Release|Any CPU
	EndGlobalSection
	GlobalSection(SolutionProperties) = preSolution
		HideSolutionNode = FALSE
	EndGlobalSection
	GlobalSection(ExtensibilityGlobals) = postSolution
		SolutionGuid = {367EE393-06D0-4273-9603-A16E0751B549}
	EndGlobalSection
EndGlobal
