
Microsoft Visual Studio Solution File, Format Version 12.00
# Visual Studio Version 17
VisualStudioVersion = 17.13.35825.156 d17.13
MinimumVisualStudioVersion = 10.0.40219.1
Project("{FAE04EC0-301F-11D3-BF4B-00C04F79EFBC}") = "enumforloop", "enumforloop.csproj", "{65BC0227-1407-46F3-B6D2-F2A5A7240BD2}"
EndProject
Global
	GlobalSection(SolutionConfigurationPlatforms) = preSolution
		Debug|Any CPU = Debug|Any CPU
		Release|Any CPU = Release|Any CPU
	EndGlobalSection
	GlobalSection(ProjectConfigurationPlatforms) = postSolution
		{65BC0227-1407-46F3-B6D2-F2A5A7240BD2}.Debug|Any CPU.ActiveCfg = Debug|Any CPU
		{65BC0227-1407-46F3-B6D2-F2A5A7240BD2}.Debug|Any CPU.Build.0 = Debug|Any CPU
		{65BC0227-1407-46F3-B6D2-F2A5A7240BD2}.Release|Any CPU.ActiveCfg = Release|Any CPU
		{65BC0227-1407-46F3-B6D2-F2A5A7240BD2}.Release|Any CPU.Build.0 = Release|Any CPU
	EndGlobalSection
	GlobalSection(SolutionProperties) = preSolution
		HideSolutionNode = FALSE
	EndGlobalSection
	GlobalSection(ExtensibilityGlobals) = postSolution
		SolutionGuid = {F709F6E7-72FD-4F13-8400-9AC43C275ED8}
	EndGlobalSection
EndGlobal
