
Microsoft Visual Studio Solution File, Format Version 12.00
# Visual Studio Version 17
VisualStudioVersion = 17.13.35825.156 d17.13
MinimumVisualStudioVersion = 10.0.40219.1
Project("{FAE04EC0-301F-11D3-BF4B-00C04F79EFBC}") = "enumPaymentMethod", "enumPaymentMethod.csproj", "{39898050-7C54-40AB-BBD9-CB267AFB8061}"
EndProject
Global
	GlobalSection(SolutionConfigurationPlatforms) = preSolution
		Debug|Any CPU = Debug|Any CPU
		Release|Any CPU = Release|Any CPU
	EndGlobalSection
	GlobalSection(ProjectConfigurationPlatforms) = postSolution
		{39898050-7C54-40AB-BBD9-CB267AFB8061}.Debug|Any CPU.ActiveCfg = Debug|Any CPU
		{39898050-7C54-40AB-BBD9-CB267AFB8061}.Debug|Any CPU.Build.0 = Debug|Any CPU
		{39898050-7C54-40AB-BBD9-CB267AFB8061}.Release|Any CPU.ActiveCfg = Release|Any CPU
		{39898050-7C54-40AB-BBD9-CB267AFB8061}.Release|Any CPU.Build.0 = Release|Any CPU
	EndGlobalSection
	GlobalSection(SolutionProperties) = preSolution
		HideSolutionNode = FALSE
	EndGlobalSection
	GlobalSection(ExtensibilityGlobals) = postSolution
		SolutionGuid = {26426F1C-7057-42F6-B52D-6EB965414259}
	EndGlobalSection
EndGlobal
