
Microsoft Visual Studio Solution File, Format Version 12.00
# Visual Studio Version 17
VisualStudioVersion = 17.13.35825.156 d17.13
MinimumVisualStudioVersion = 10.0.40219.1
Project("{FAE04EC0-301F-11D3-BF4B-00C04F79EFBC}") = "evenodd", "evenodd.csproj", "{E8FAD3E9-44A3-47EA-8C42-14A74A3772BC}"
EndProject
Global
	GlobalSection(SolutionConfigurationPlatforms) = preSolution
		Debug|Any CPU = Debug|Any CPU
		Release|Any CPU = Release|Any CPU
	EndGlobalSection
	GlobalSection(ProjectConfigurationPlatforms) = postSolution
		{E8FAD3E9-44A3-47EA-8C42-14A74A3772BC}.Debug|Any CPU.ActiveCfg = Debug|Any CPU
		{E8FAD3E9-44A3-47EA-8C42-14A74A3772BC}.Debug|Any CPU.Build.0 = Debug|Any CPU
		{E8FAD3E9-44A3-47EA-8C42-14A74A3772BC}.Release|Any CPU.ActiveCfg = Release|Any CPU
		{E8FAD3E9-44A3-47EA-8C42-14A74A3772BC}.Release|Any CPU.Build.0 = Release|Any CPU
	EndGlobalSection
	GlobalSection(SolutionProperties) = preSolution
		HideSolutionNode = FALSE
	EndGlobalSection
	GlobalSection(ExtensibilityGlobals) = postSolution
		SolutionGuid = {E487BECB-1278-4BA0-9A96-A76BF612D966}
	EndGlobalSection
EndGlobal
