
Microsoft Visual Studio Solution File, Format Version 12.00
# Visual Studio Version 17
VisualStudioVersion = 17.13.35825.156 d17.13
MinimumVisualStudioVersion = 10.0.40219.1
Project("{FAE04EC0-301F-11D3-BF4B-00C04F79EFBC}") = "enumOrderStatus", "enumOrderStatus.csproj", "{2D26BF26-63F5-4EB4-9BDE-54B9D9020B43}"
EndProject
Global
	GlobalSection(SolutionConfigurationPlatforms) = preSolution
		Debug|Any CPU = Debug|Any CPU
		Release|Any CPU = Release|Any CPU
	EndGlobalSection
	GlobalSection(ProjectConfigurationPlatforms) = postSolution
		{2D26BF26-63F5-4EB4-9BDE-54B9D9020B43}.Debug|Any CPU.ActiveCfg = Debug|Any CPU
		{2D26BF26-63F5-4EB4-9BDE-54B9D9020B43}.Debug|Any CPU.Build.0 = Debug|Any CPU
		{2D26BF26-63F5-4EB4-9BDE-54B9D9020B43}.Release|Any CPU.ActiveCfg = Release|Any CPU
		{2D26BF26-63F5-4EB4-9BDE-54B9D9020B43}.Release|Any CPU.Build.0 = Release|Any CPU
	EndGlobalSection
	GlobalSection(SolutionProperties) = preSolution
		HideSolutionNode = FALSE
	EndGlobalSection
	GlobalSection(ExtensibilityGlobals) = postSolution
		SolutionGuid = {B1D645DA-15C1-4122-BC95-10B3597B8904}
	EndGlobalSection
EndGlobal
