
Microsoft Visual Studio Solution File, Format Version 12.00
# Visual Studio Version 17
VisualStudioVersion = 17.13.35825.156 d17.13
MinimumVisualStudioVersion = 10.0.40219.1
Project("{FAE04EC0-301F-11D3-BF4B-00C04F79EFBC}") = "largest2", "largest2.csproj", "{8E5CFC86-157C-4333-90A7-7E9AB3ED7ED4}"
EndProject
Global
	GlobalSection(SolutionConfigurationPlatforms) = preSolution
		Debug|Any CPU = Debug|Any CPU
		Release|Any CPU = Release|Any CPU
	EndGlobalSection
	GlobalSection(ProjectConfigurationPlatforms) = postSolution
		{8E5CFC86-157C-4333-90A7-7E9AB3ED7ED4}.Debug|Any CPU.ActiveCfg = Debug|Any CPU
		{8E5CFC86-157C-4333-90A7-7E9AB3ED7ED4}.Debug|Any CPU.Build.0 = Debug|Any CPU
		{8E5CFC86-157C-4333-90A7-7E9AB3ED7ED4}.Release|Any CPU.ActiveCfg = Release|Any CPU
		{8E5CFC86-157C-4333-90A7-7E9AB3ED7ED4}.Release|Any CPU.Build.0 = Release|Any CPU
	EndGlobalSection
	GlobalSection(SolutionProperties) = preSolution
		HideSolutionNode = FALSE
	EndGlobalSection
	GlobalSection(ExtensibilityGlobals) = postSolution
		SolutionGuid = {E33C466C-DD07-4761-BB75-297ADD958C4C}
	EndGlobalSection
EndGlobal
