
Microsoft Visual Studio Solution File, Format Version 12.00
# Visual Studio Version 17
VisualStudioVersion = 17.13.35825.156 d17.13
MinimumVisualStudioVersion = 10.0.40219.1
Project("{FAE04EC0-301F-11D3-BF4B-00C04F79EFBC}") = "enummonth", "enummonth.csproj", "{34485038-29F4-4713-BA46-C63C8EF8C0C6}"
EndProject
Global
	GlobalSection(SolutionConfigurationPlatforms) = preSolution
		Debug|Any CPU = Debug|Any CPU
		Release|Any CPU = Release|Any CPU
	EndGlobalSection
	GlobalSection(ProjectConfigurationPlatforms) = postSolution
		{34485038-29F4-4713-BA46-C63C8EF8C0C6}.Debug|Any CPU.ActiveCfg = Debug|Any CPU
		{34485038-29F4-4713-BA46-C63C8EF8C0C6}.Debug|Any CPU.Build.0 = Debug|Any CPU
		{34485038-29F4-4713-BA46-C63C8EF8C0C6}.Release|Any CPU.ActiveCfg = Release|Any CPU
		{34485038-29F4-4713-BA46-C63C8EF8C0C6}.Release|Any CPU.Build.0 = Release|Any CPU
	EndGlobalSection
	GlobalSection(SolutionProperties) = preSolution
		HideSolutionNode = FALSE
	EndGlobalSection
	GlobalSection(ExtensibilityGlobals) = postSolution
		SolutionGuid = {9753B47B-BEB0-464A-874C-475FFE8FBF69}
	EndGlobalSection
EndGlobal
