
Microsoft Visual Studio Solution File, Format Version 12.00
# Visual Studio Version 17
VisualStudioVersion = 17.13.35825.156 d17.13
MinimumVisualStudioVersion = 10.0.40219.1
Project("{FAE04EC0-301F-11D3-BF4B-00C04F79EFBC}") = "fibonaccidowhile", "fibonaccidowhile.csproj", "{14ED56C1-D0AE-4C6B-8BDF-BB9726801E43}"
EndProject
Global
	GlobalSection(SolutionConfigurationPlatforms) = preSolution
		Debug|Any CPU = Debug|Any CPU
		Release|Any CPU = Release|Any CPU
	EndGlobalSection
	GlobalSection(ProjectConfigurationPlatforms) = postSolution
		{14ED56C1-D0AE-4C6B-8BDF-BB9726801E43}.Debug|Any CPU.ActiveCfg = Debug|Any CPU
		{14ED56C1-D0AE-4C6B-8BDF-BB9726801E43}.Debug|Any CPU.Build.0 = Debug|Any CPU
		{14ED56C1-D0AE-4C6B-8BDF-BB9726801E43}.Release|Any CPU.ActiveCfg = Release|Any CPU
		{14ED56C1-D0AE-4C6B-8BDF-BB9726801E43}.Release|Any CPU.Build.0 = Release|Any CPU
	EndGlobalSection
	GlobalSection(SolutionProperties) = preSolution
		HideSolutionNode = FALSE
	EndGlobalSection
	GlobalSection(ExtensibilityGlobals) = postSolution
		SolutionGuid = {22A5C32D-9CE7-4697-B5BA-3E4A2204D189}
	EndGlobalSection
EndGlobal
